
Microsoft Visual Studio Solution File, Format Version 12.00
# Visual Studio Version 17
VisualStudioVersion = 17.0.31903.59
MinimumVisualStudioVersion = 10.0.40219.1
Project("{2150E333-8FDC-42A3-9474-1A3956D46DE8}") = "src", "src", "{827E0CD3-B72D-47B6-A68D-7590B98EB39B}"
EndProject
Project("{FAE04EC0-301F-11D3-BF4B-00C04F79EFBC}") = "SharpDicom", "src\SharpDicom\SharpDicom.csproj", "{E5ED9674-D8C8-4089-86A3-24D119A1DF09}"
EndProject
Project("{FAE04EC0-301F-11D3-BF4B-00C04F79EFBC}") = "SharpDicom.Generators", "src\SharpDicom.Generators\SharpDicom.Generators.csproj", "{C3A7E9F1-5D4B-4E8C-9A1D-8B2F3C4E5F6A}"
EndProject
Project("{2150E333-8FDC-42A3-9474-1A3956D46DE8}") = "tests", "tests", "{0AB3BF05-4346-4AA6-1389-037BE0695223}"
EndProject
Project("{FAE04EC0-301F-11D3-BF4B-00C04F79EFBC}") = "SharpDicom.Tests", "tests\SharpDicom.Tests\SharpDicom.Tests.csproj", "{A8BF56CB-9083-4955-BFBB-F48538726935}"
EndProject
Global
	GlobalSection(SolutionConfigurationPlatforms) = preSolution
		Debug|Any CPU = Debug|Any CPU
		Debug|x64 = Debug|x64
		Debug|x86 = Debug|x86
		Release|Any CPU = Release|Any CPU
		Release|x64 = Release|x64
		Release|x86 = Release|x86
	EndGlobalSection
	GlobalSection(ProjectConfigurationPlatforms) = postSolution
		{E5ED9674-D8C8-4089-86A3-24D119A1DF09}.Debug|Any CPU.ActiveCfg = Debug|Any CPU
		{E5ED9674-D8C8-4089-86A3-24D119A1DF09}.Debug|Any CPU.Build.0 = Debug|Any CPU
		{E5ED9674-D8C8-4089-86A3-24D119A1DF09}.Debug|x64.ActiveCfg = Debug|Any CPU
		{E5ED9674-D8C8-4089-86A3-24D119A1DF09}.Debug|x64.Build.0 = Debug|Any CPU
		{E5ED9674-D8C8-4089-86A3-24D119A1DF09}.Debug|x86.ActiveCfg = Debug|Any CPU
		{E5ED9674-D8C8-4089-86A3-24D119A1DF09}.Debug|x86.Build.0 = Debug|Any CPU
		{E5ED9674-D8C8-4089-86A3-24D119A1DF09}.Release|Any CPU.ActiveCfg = Release|Any CPU
		{E5ED9674-D8C8-4089-86A3-24D119A1DF09}.Release|Any CPU.Build.0 = Release|Any CPU
		{E5ED9674-D8C8-4089-86A3-24D119A1DF09}.Release|x64.ActiveCfg = Release|Any CPU
		{E5ED9674-D8C8-4089-86A3-24D119A1DF09}.Release|x64.Build.0 = Release|Any CPU
		{E5ED9674-D8C8-4089-86A3-24D119A1DF09}.Release|x86.ActiveCfg = Release|Any CPU
		{E5ED9674-D8C8-4089-86A3-24D119A1DF09}.Release|x86.Build.0 = Release|Any CPU
		{A8BF56CB-9083-4955-BFBB-F48538726935}.Debug|Any CPU.ActiveCfg = Debug|Any CPU
		{A8BF56CB-9083-4955-BFBB-F48538726935}.Debug|Any CPU.Build.0 = Debug|Any CPU
		{A8BF56CB-9083-4955-BFBB-F48538726935}.Debug|x64.ActiveCfg = Debug|Any CPU
		{A8BF56CB-9083-4955-BFBB-F48538726935}.Debug|x64.Build.0 = Debug|Any CPU
		{A8BF56CB-9083-4955-BFBB-F48538726935}.Debug|x86.ActiveCfg = Debug|Any CPU
		{A8BF56CB-9083-4955-BFBB-F48538726935}.Debug|x86.Build.0 = Debug|Any CPU
		{A8BF56CB-9083-4955-BFBB-F48538726935}.Release|Any CPU.ActiveCfg = Release|Any CPU
		{A8BF56CB-9083-4955-BFBB-F48538726935}.Release|Any CPU.Build.0 = Release|Any CPU
		{A8BF56CB-9083-4955-BFBB-F48538726935}.Release|x64.ActiveCfg = Release|Any CPU
		{A8BF56CB-9083-4955-BFBB-F48538726935}.Release|x64.Build.0 = Release|Any CPU
		{A8BF56CB-9083-4955-BFBB-F48538726935}.Release|x86.ActiveCfg = Release|Any CPU
		{A8BF56CB-9083-4955-BFBB-F48538726935}.Release|x86.Build.0 = Release|Any CPU
		{C3A7E9F1-5D4B-4E8C-9A1D-8B2F3C4E5F6A}.Debug|Any CPU.ActiveCfg = Debug|Any CPU
		{C3A7E9F1-5D4B-4E8C-9A1D-8B2F3C4E5F6A}.Debug|Any CPU.Build.0 = Debug|Any CPU
		{C3A7E9F1-5D4B-4E8C-9A1D-8B2F3C4E5F6A}.Debug|x64.ActiveCfg = Debug|Any CPU
		{C3A7E9F1-5D4B-4E8C-9A1D-8B2F3C4E5F6A}.Debug|x64.Build.0 = Debug|Any CPU
		{C3A7E9F1-5D4B-4E8C-9A1D-8B2F3C4E5F6A}.Debug|x86.ActiveCfg = Debug|Any CPU
		{C3A7E9F1-5D4B-4E8C-9A1D-8B2F3C4E5F6A}.Debug|x86.Build.0 = Debug|Any CPU
		{C3A7E9F1-5D4B-4E8C-9A1D-8B2F3C4E5F6A}.Release|Any CPU.ActiveCfg = Release|Any CPU
		{C3A7E9F1-5D4B-4E8C-9A1D-8B2F3C4E5F6A}.Release|Any CPU.Build.0 = Release|Any CPU
		{C3A7E9F1-5D4B-4E8C-9A1D-8B2F3C4E5F6A}.Release|x64.ActiveCfg = Release|Any CPU
		{C3A7E9F1-5D4B-4E8C-9A1D-8B2F3C4E5F6A}.Release|x64.Build.0 = Release|Any CPU
		{C3A7E9F1-5D4B-4E8C-9A1D-8B2F3C4E5F6A}.Release|x86.ActiveCfg = Release|Any CPU
		{C3A7E9F1-5D4B-4E8C-9A1D-8B2F3C4E5F6A}.Release|x86.Build.0 = Release|Any CPU
	EndGlobalSection
	GlobalSection(SolutionProperties) = preSolution
		HideSolutionNode = FALSE
	EndGlobalSection
	GlobalSection(NestedProjects) = preSolution
		{E5ED9674-D8C8-4089-86A3-24D119A1DF09} = {827E0CD3-B72D-47B6-A68D-7590B98EB39B}
		{C3A7E9F1-5D4B-4E8C-9A1D-8B2F3C4E5F6A} = {827E0CD3-B72D-47B6-A68D-7590B98EB39B}
		{A8BF56CB-9083-4955-BFBB-F48538726935} = {0AB3BF05-4346-4AA6-1389-037BE0695223}
	EndGlobalSection
EndGlobal
